# THIS IS AN AUTOGENERATED FILE. DO NOT EDIT THIS FILE DIRECTLY.
# yarn lockfile v1


"@google/generative-ai@^0.5.0":
  version "0.5.0"
  resolved "https://registry.npmjs.org/@google/generative-ai/-/generative-ai-0.5.0.tgz"
  integrity sha512-uxfN3mROgVxb+9KrlVHIiglcWgNE86pVTS9TRkGS6hMvQoZ5TrB1TIMcW5ZYWxlRhMwtmEdJnNMUxSqM3Qp/Ag==

"@spotify/web-api-ts-sdk@^1.2.0":
  version "1.2.0"
  resolved "https://registry.yarnpkg.com/@spotify/web-api-ts-sdk/-/web-api-ts-sdk-1.2.0.tgz#45850e456451451ce1ee311f0f7322c58d8f99b0"
  integrity sha512-JUaebva3Ohwo5I5tuTqyW/FKGOMbb40YevJMySAOINRxP7qQ/AMjBzfJx0zeO6yS+wAPfQSoGNsZaUggHw8vsA==

"@types/node@^20.12.5":
  version "20.12.5"
  resolved "https://registry.yarnpkg.com/@types/node/-/node-20.12.5.tgz#74c4f31ab17955d0b5808cdc8fd2839526ad00b3"
  integrity sha512-BD+BjQ9LS/D8ST9p5uqBxghlN+S42iuNxjsUGjeZobe/ciXzk2qb1B6IXc6AnRLS+yFJRpN2IPEHMzwspfDJNw==
  dependencies:
    undici-types "~5.26.4"

dotenv@^16.4.5:
  version "16.4.5"
  resolved "https://registry.yarnpkg.com/dotenv/-/dotenv-16.4.5.tgz#cdd3b3b604cb327e286b4762e13502f717cb099f"
  integrity sha512-ZmdL2rui+eB2YwhsWzjInR8LldtZHGDoQ1ugH85ppHKwpUHL7j7rN0Ti9NCnGiQbhaZ11FpR+7ao1dNsmduNUg==

typescript@^5.4.4:
  version "5.4.4"
  resolved "https://registry.npmjs.org/typescript/-/typescript-5.4.4.tgz"
  integrity sha512-dGE2Vv8cpVvw28v8HCPqyb08EzbBURxDpuhJvTrusShUfGnhHBafDsLdS1EhhxyL6BJQE+2cT3dDPAv+MQ6oLw==

undici-types@~5.26.4:
  version "5.26.5"
  resolved "https://registry.npmjs.org/undici-types/-/undici-types-5.26.5.tgz"
  integrity sha512-JlCMO+ehdEIKqlFxk6IfVoAUVmgz7cU7zD/h9XZ0qzeosSHmUJVOzSQvvYSYWXkFXC+IfLKSIffhv0sVZup6pA==
